
Microsoft Visual Studio Solution File, Format Version 12.00
# Visual Studio 15
VisualStudioVersion = 15.0.27703.2000
MinimumVisualStudioVersion = 10.0.40219.1
Project("{FAE04EC0-301F-11D3-BF4B-00C04F79EFBC}") = "ElClimaUDEO.Android", "ElClimaUDEO\ElClimaUDEO.Android\ElClimaUDEO.Android.csproj", "{344E19EB-20A1-4C75-933D-74FE962E1985}"
EndProject
Project("{FAE04EC0-301F-11D3-BF4B-00C04F79EFBC}") = "ElClimaUDEO.iOS", "ElClimaUDEO\ElClimaUDEO.iOS\ElClimaUDEO.iOS.csproj", "{F943C53E-3D3D-4F7D-AF24-89D335A75647}"
EndProject
Project("{FAE04EC0-301F-11D3-BF4B-00C04F79EFBC}") = "ElClimaUDEO", "ElClimaUDEO\ElClimaUDEO\ElClimaUDEO.csproj", "{AEC71BC0-4E31-4B60-A371-61F17CD96E6A}"
EndProject
Global
	GlobalSection(SolutionConfigurationPlatforms) = preSolution
		Ad-Hoc|Any CPU = Ad-Hoc|Any CPU
		Ad-Hoc|iPhone = Ad-Hoc|iPhone
		Ad-Hoc|iPhoneSimulator = Ad-Hoc|iPhoneSimulator
		AppStore|Any CPU = AppStore|Any CPU
		AppStore|iPhone = AppStore|iPhone
		AppStore|iPhoneSimulator = AppStore|iPhoneSimulator
		Debug|Any CPU = Debug|Any CPU
		Debug|iPhone = Debug|iPhone
		Debug|iPhoneSimulator = Debug|iPhoneSimulator
		Release|Any CPU = Release|Any CPU
		Release|iPhone = Release|iPhone
		Release|iPhoneSimulator = Release|iPhoneSimulator
	EndGlobalSection
	GlobalSection(ProjectConfigurationPlatforms) = postSolution
		{344E19EB-20A1-4C75-933D-74FE962E1985}.Ad-Hoc|Any CPU.ActiveCfg = Release|Any CPU
		{344E19EB-20A1-4C75-933D-74FE962E1985}.Ad-Hoc|Any CPU.Build.0 = Release|Any CPU
		{344E19EB-20A1-4C75-933D-74FE962E1985}.Ad-Hoc|Any CPU.Deploy.0 = Release|Any CPU
		{344E19EB-20A1-4C75-933D-74FE962E1985}.Ad-Hoc|iPhone.ActiveCfg = Release|Any CPU
		{344E19EB-20A1-4C75-933D-74FE962E1985}.Ad-Hoc|iPhone.Build.0 = Release|Any CPU
		{344E19EB-20A1-4C75-933D-74FE962E1985}.Ad-Hoc|iPhone.Deploy.0 = Release|Any CPU
		{344E19EB-20A1-4C75-933D-74FE962E1985}.Ad-Hoc|iPhoneSimulator.ActiveCfg = Release|Any CPU
		{344E19EB-20A1-4C75-933D-74FE962E1985}.Ad-Hoc|iPhoneSimulator.Build.0 = Release|Any CPU
		{344E19EB-20A1-4C75-933D-74FE962E1985}.Ad-Hoc|iPhoneSimulator.Deploy.0 = Release|Any CPU
		{344E19EB-20A1-4C75-933D-74FE962E1985}.AppStore|Any CPU.ActiveCfg = Release|Any CPU
		{344E19EB-20A1-4C75-933D-74FE962E1985}.AppStore|Any CPU.Build.0 = Release|Any CPU
		{344E19EB-20A1-4C75-933D-74FE962E1985}.AppStore|Any CPU.Deploy.0 = Release|Any CPU
		{344E19EB-20A1-4C75-933D-74FE962E1985}.AppStore|iPhone.ActiveCfg = Release|Any CPU
		{344E19EB-20A1-4C75-933D-74FE962E1985}.AppStore|iPhone.Build.0 = Release|Any CPU
		{344E19EB-20A1-4C75-933D-74FE962E1985}.AppStore|iPhone.Deploy.0 = Release|Any CPU
		{344E19EB-20A1-4C75-933D-74FE962E1985}.AppStore|iPhoneSimulator.ActiveCfg = Release|Any CPU
		{344E19EB-20A1-4C75-933D-74FE962E1985}.AppStore|iPhoneSimulator.Build.0 = Release|Any CPU
		{344E19EB-20A1-4C75-933D-74FE962E1985}.AppStore|iPhoneSimulator.Deploy.0 = Release|Any CPU
		{344E19EB-20A1-4C75-933D-74FE962E1985}.Debug|Any CPU.ActiveCfg = Debug|Any CPU
		{344E19EB-20A1-4C75-933D-74FE962E1985}.Debug|Any CPU.Build.0 = Debug|Any CPU
		{344E19EB-20A1-4C75-933D-74FE962E1985}.Debug|Any CPU.Deploy.0 = Debug|Any CPU
		{344E19EB-20A1-4C75-933D-74FE962E1985}.Debug|iPhone.ActiveCfg = Debug|Any CPU
		{344E19EB-20A1-4C75-933D-74FE962E1985}.Debug|iPhone.Build.0 = Debug|Any CPU
		{344E19EB-20A1-4C75-933D-74FE962E1985}.Debug|iPhone.Deploy.0 = Debug|Any CPU
		{344E19EB-20A1-4C75-933D-74FE962E1985}.Debug|iPhoneSimulator.ActiveCfg = Debug|Any CPU
		{344E19EB-20A1-4C75-933D-74FE962E1985}.Debug|iPhoneSimulator.Build.0 = Debug|Any CPU
		{344E19EB-20A1-4C75-933D-74FE962E1985}.Debug|iPhoneSimulator.Deploy.0 = Debug|Any CPU
		{344E19EB-20A1-4C75-933D-74FE962E1985}.Release|Any CPU.ActiveCfg = Release|Any CPU
		{344E19EB-20A1-4C75-933D-74FE962E1985}.Release|Any CPU.Build.0 = Release|Any CPU
		{344E19EB-20A1-4C75-933D-74FE962E1985}.Release|Any CPU.Deploy.0 = Release|Any CPU
		{344E19EB-20A1-4C75-933D-74FE962E1985}.Release|iPhone.ActiveCfg = Release|Any CPU
		{344E19EB-20A1-4C75-933D-74FE962E1985}.Release|iPhone.Build.0 = Release|Any CPU
		{344E19EB-20A1-4C75-933D-74FE962E1985}.Release|iPhone.Deploy.0 = Release|Any CPU
		{344E19EB-20A1-4C75-933D-74FE962E1985}.Release|iPhoneSimulator.ActiveCfg = Release|Any CPU
		{344E19EB-20A1-4C75-933D-74FE962E1985}.Release|iPhoneSimulator.Build.0 = Release|Any CPU
		{344E19EB-20A1-4C75-933D-74FE962E1985}.Release|iPhoneSimulator.Deploy.0 = Release|Any CPU
		{F943C53E-3D3D-4F7D-AF24-89D335A75647}.Ad-Hoc|Any CPU.ActiveCfg = Ad-Hoc|iPhone
		{F943C53E-3D3D-4F7D-AF24-89D335A75647}.Ad-Hoc|Any CPU.Build.0 = Ad-Hoc|iPhone
		{F943C53E-3D3D-4F7D-AF24-89D335A75647}.Ad-Hoc|Any CPU.Deploy.0 = Ad-Hoc|iPhone
		{F943C53E-3D3D-4F7D-AF24-89D335A75647}.Ad-Hoc|iPhone.ActiveCfg = Ad-Hoc|iPhone
		{F943C53E-3D3D-4F7D-AF24-89D335A75647}.Ad-Hoc|iPhone.Build.0 = Ad-Hoc|iPhone
		{F943C53E-3D3D-4F7D-AF24-89D335A75647}.Ad-Hoc|iPhone.Deploy.0 = Ad-Hoc|iPhone
		{F943C53E-3D3D-4F7D-AF24-89D335A75647}.Ad-Hoc|iPhoneSimulator.ActiveCfg = Ad-Hoc|iPhoneSimulator
		{F943C53E-3D3D-4F7D-AF24-89D335A75647}.Ad-Hoc|iPhoneSimulator.Build.0 = Ad-Hoc|iPhoneSimulator
		{F943C53E-3D3D-4F7D-AF24-89D335A75647}.Ad-Hoc|iPhoneSimulator.Deploy.0 = Ad-Hoc|iPhoneSimulator
		{F943C53E-3D3D-4F7D-AF24-89D335A75647}.AppStore|Any CPU.ActiveCfg = AppStore|iPhone
		{F943C53E-3D3D-4F7D-AF24-89D335A75647}.AppStore|Any CPU.Build.0 = AppStore|iPhone
		{F943C53E-3D3D-4F7D-AF24-89D335A75647}.AppStore|Any CPU.Deploy.0 = AppStore|iPhone
		{F943C53E-3D3D-4F7D-AF24-89D335A75647}.AppStore|iPhone.ActiveCfg = AppStore|iPhone
		{F943C53E-3D3D-4F7D-AF24-89D335A75647}.AppStore|iPhone.Build.0 = AppStore|iPhone
		{F943C53E-3D3D-4F7D-AF24-89D335A75647}.AppStore|iPhone.Deploy.0 = AppStore|iPhone
		{F943C53E-3D3D-4F7D-AF24-89D335A75647}.AppStore|iPhoneSimulator.ActiveCfg = AppStore|iPhoneSimulator
		{F943C53E-3D3D-4F7D-AF24-89D335A75647}.AppStore|iPhoneSimulator.Build.0 = AppStore|iPhoneSimulator
		{F943C53E-3D3D-4F7D-AF24-89D335A75647}.AppStore|iPhoneSimulator.Deploy.0 = AppStore|iPhoneSimulator
		{F943C53E-3D3D-4F7D-AF24-89D335A75647}.Debug|Any CPU.ActiveCfg = Debug|iPhoneSimulator
		{F943C53E-3D3D-4F7D-AF24-89D335A75647}.Debug|Any CPU.Build.0 = Debug|iPhoneSimulator
		{F943C53E-3D3D-4F7D-AF24-89D335A75647}.Debug|Any CPU.Deploy.0 = Debug|iPhoneSimulator
		{F943C53E-3D3D-4F7D-AF24-89D335A75647}.Debug|iPhone.ActiveCfg = Debug|iPhone
		{F943C53E-3D3D-4F7D-AF24-89D335A75647}.Debug|iPhone.Build.0 = Debug|iPhone
		{F943C53E-3D3D-4F7D-AF24-89D335A75647}.Debug|iPhone.Deploy.0 = Debug|iPhone
		{F943C53E-3D3D-4F7D-AF24-89D335A75647}.Debug|iPhoneSimulator.ActiveCfg = Debug|iPhoneSimulator
		{F943C53E-3D3D-4F7D-AF24-89D335A75647}.Debug|iPhoneSimulator.Build.0 = Debug|iPhoneSimulator
		{F943C53E-3D3D-4F7D-AF24-89D335A75647}.Debug|iPhoneSimulator.Deploy.0 = Debug|iPhoneSimulator
		{F943C53E-3D3D-4F7D-AF24-89D335A75647}.Release|Any CPU.ActiveCfg = Release|iPhone
		{F943C53E-3D3D-4F7D-AF24-89D335A75647}.Release|Any CPU.Build.0 = Release|iPhone
		{F943C53E-3D3D-4F7D-AF24-89D335A75647}.Release|Any CPU.Deploy.0 = Release|iPhone
		{F943C53E-3D3D-4F7D-AF24-89D335A75647}.Release|iPhone.ActiveCfg = Release|iPhone
		{F943C53E-3D3D-4F7D-AF24-89D335A75647}.Release|iPhone.Build.0 = Release|iPhone
		{F943C53E-3D3D-4F7D-AF24-89D335A75647}.Release|iPhone.Deploy.0 = Release|iPhone
		{F943C53E-3D3D-4F7D-AF24-89D335A75647}.Release|iPhoneSimulator.ActiveCfg = Release|iPhoneSimulator
		{F943C53E-3D3D-4F7D-AF24-89D335A75647}.Release|iPhoneSimulator.Build.0 = Release|iPhoneSimulator
		{F943C53E-3D3D-4F7D-AF24-89D335A75647}.Release|iPhoneSimulator.Deploy.0 = Release|iPhoneSimulator
		{AEC71BC0-4E31-4B60-A371-61F17CD96E6A}.Ad-Hoc|Any CPU.ActiveCfg = Debug|Any CPU
		{AEC71BC0-4E31-4B60-A371-61F17CD96E6A}.Ad-Hoc|Any CPU.Build.0 = Debug|Any CPU
		{AEC71BC0-4E31-4B60-A371-61F17CD96E6A}.Ad-Hoc|Any CPU.Deploy.0 = Debug|Any CPU
		{AEC71BC0-4E31-4B60-A371-61F17CD96E6A}.Ad-Hoc|iPhone.ActiveCfg = Debug|Any CPU
		{AEC71BC0-4E31-4B60-A371-61F17CD96E6A}.Ad-Hoc|iPhone.Build.0 = Debug|Any CPU
		{AEC71BC0-4E31-4B60-A371-61F17CD96E6A}.Ad-Hoc|iPhone.Deploy.0 = Debug|Any CPU
		{AEC71BC0-4E31-4B60-A371-61F17CD96E6A}.Ad-Hoc|iPhoneSimulator.ActiveCfg = Debug|Any CPU
		{AEC71BC0-4E31-4B60-A371-61F17CD96E6A}.Ad-Hoc|iPhoneSimulator.Build.0 = Debug|Any CPU
		{AEC71BC0-4E31-4B60-A371-61F17CD96E6A}.Ad-Hoc|iPhoneSimulator.Deploy.0 = Debug|Any CPU
		{AEC71BC0-4E31-4B60-A371-61F17CD96E6A}.AppStore|Any CPU.ActiveCfg = Debug|Any CPU
		{AEC71BC0-4E31-4B60-A371-61F17CD96E6A}.AppStore|Any CPU.Build.0 = Debug|Any CPU
		{AEC71BC0-4E31-4B60-A371-61F17CD96E6A}.AppStore|Any CPU.Deploy.0 = Debug|Any CPU
		{AEC71BC0-4E31-4B60-A371-61F17CD96E6A}.AppStore|iPhone.ActiveCfg = Debug|Any CPU
		{AEC71BC0-4E31-4B60-A371-61F17CD96E6A}.AppStore|iPhone.Build.0 = Debug|Any CPU
		{AEC71BC0-4E31-4B60-A371-61F17CD96E6A}.AppStore|iPhone.Deploy.0 = Debug|Any CPU
		{AEC71BC0-4E31-4B60-A371-61F17CD96E6A}.AppStore|iPhoneSimulator.ActiveCfg = Debug|Any CPU
		{AEC71BC0-4E31-4B60-A371-61F17CD96E6A}.AppStore|iPhoneSimulator.Build.0 = Debug|Any CPU
		{AEC71BC0-4E31-4B60-A371-61F17CD96E6A}.AppStore|iPhoneSimulator.Deploy.0 = Debug|Any CPU
		{AEC71BC0-4E31-4B60-A371-61F17CD96E6A}.Debug|Any CPU.ActiveCfg = Debug|Any CPU
		{AEC71BC0-4E31-4B60-A371-61F17CD96E6A}.Debug|Any CPU.Build.0 = Debug|Any CPU
		{AEC71BC0-4E31-4B60-A371-61F17CD96E6A}.Debug|Any CPU.Deploy.0 = Debug|Any CPU
		{AEC71BC0-4E31-4B60-A371-61F17CD96E6A}.Debug|iPhone.ActiveCfg = Debug|Any CPU
		{AEC71BC0-4E31-4B60-A371-61F17CD96E6A}.Debug|iPhone.Build.0 = Debug|Any CPU
		{AEC71BC0-4E31-4B60-A371-61F17CD96E6A}.Debug|iPhone.Deploy.0 = Debug|Any CPU
		{AEC71BC0-4E31-4B60-A371-61F17CD96E6A}.Debug|iPhoneSimulator.ActiveCfg = Debug|Any CPU
		{AEC71BC0-4E31-4B60-A371-61F17CD96E6A}.Debug|iPhoneSimulator.Build.0 = Debug|Any CPU
		{AEC71BC0-4E31-4B60-A371-61F17CD96E6A}.Debug|iPhoneSimulator.Deploy.0 = Debug|Any CPU
		{AEC71BC0-4E31-4B60-A371-61F17CD96E6A}.Release|Any CPU.ActiveCfg = Release|Any CPU
		{AEC71BC0-4E31-4B60-A371-61F17CD96E6A}.Release|Any CPU.Build.0 = Release|Any CPU
		{AEC71BC0-4E31-4B60-A371-61F17CD96E6A}.Release|Any CPU.Deploy.0 = Release|Any CPU
		{AEC71BC0-4E31-4B60-A371-61F17CD96E6A}.Release|iPhone.ActiveCfg = Release|Any CPU
		{AEC71BC0-4E31-4B60-A371-61F17CD96E6A}.Release|iPhone.Build.0 = Release|Any CPU
		{AEC71BC0-4E31-4B60-A371-61F17CD96E6A}.Release|iPhone.Deploy.0 = Release|Any CPU
		{AEC71BC0-4E31-4B60-A371-61F17CD96E6A}.Release|iPhoneSimulator.ActiveCfg = Release|Any CPU
		{AEC71BC0-4E31-4B60-A371-61F17CD96E6A}.Release|iPhoneSimulator.Build.0 = Release|Any CPU
		{AEC71BC0-4E31-4B60-A371-61F17CD96E6A}.Release|iPhoneSimulator.Deploy.0 = Release|Any CPU
	EndGlobalSection
	GlobalSection(SolutionProperties) = preSolution
		HideSolutionNode = FALSE
	EndGlobalSection
	GlobalSection(ExtensibilityGlobals) = postSolution
		SolutionGuid = {C3583307-EF76-4177-A540-526A8FC6E390}
	EndGlobalSection
EndGlobal
